
Microsoft Visual Studio Solution File, Format Version 12.00
# Visual Studio 15
VisualStudioVersion = 15.0.28307.1738
MinimumVisualStudioVersion = 10.0.40219.1
Project("{FAE04EC0-301F-11D3-BF4B-00C04F79EFBC}") = "LR6_CSH_Client", "LR6_CSH\LR6_CSH_Client.csproj", "{DB2D5E19-7B53-4736-BE13-A6A30DC6B731}"
EndProject
Project("{FAE04EC0-301F-11D3-BF4B-00C04F79EFBC}") = "LR6_CSH_Server", "LR6_CSH_Server\LR6_CSH_Server.csproj", "{2319E9C1-FE3B-4D4F-BB9C-ED689C388A57}"
EndProject
Global
	GlobalSection(SolutionConfigurationPlatforms) = preSolution
		Debug|Any CPU = Debug|Any CPU
		Release|Any CPU = Release|Any CPU
	EndGlobalSection
	GlobalSection(ProjectConfigurationPlatforms) = postSolution
		{DB2D5E19-7B53-4736-BE13-A6A30DC6B731}.Debug|Any CPU.ActiveCfg = Debug|Any CPU
		{DB2D5E19-7B53-4736-BE13-A6A30DC6B731}.Debug|Any CPU.Build.0 = Debug|Any CPU
		{DB2D5E19-7B53-4736-BE13-A6A30DC6B731}.Release|Any CPU.ActiveCfg = Release|Any CPU
		{DB2D5E19-7B53-4736-BE13-A6A30DC6B731}.Release|Any CPU.Build.0 = Release|Any CPU
		{2319E9C1-FE3B-4D4F-BB9C-ED689C388A57}.Debug|Any CPU.ActiveCfg = Debug|Any CPU
		{2319E9C1-FE3B-4D4F-BB9C-ED689C388A57}.Debug|Any CPU.Build.0 = Debug|Any CPU
		{2319E9C1-FE3B-4D4F-BB9C-ED689C388A57}.Release|Any CPU.ActiveCfg = Release|Any CPU
		{2319E9C1-FE3B-4D4F-BB9C-ED689C388A57}.Release|Any CPU.Build.0 = Release|Any CPU
	EndGlobalSection
	GlobalSection(SolutionProperties) = preSolution
		HideSolutionNode = FALSE
	EndGlobalSection
	GlobalSection(ExtensibilityGlobals) = postSolution
		SolutionGuid = {124948DF-9B29-4BCE-8E81-820285B82A62}
	EndGlobalSection
EndGlobal
